
Microsoft Visual Studio Solution File, Format Version 12.00
# Visual Studio Version 16
VisualStudioVersion = 16.0.31911.196
MinimumVisualStudioVersion = 10.0.40219.1
Project("{FAE04EC0-301F-11D3-BF4B-00C04F79EFBC}") = "Mechanite Persona Traits", "Mechanite Persona Traits.csproj", "{46107F89-1A93-4085-A482-F99BB968EED0}"
EndProject
Project("{2150E333-8FDC-42A3-9474-1A3956D46DE8}") = "Source", "Source", "{5EDC8FF6-10A5-41F6-9E1D-262C2E99C638}"
EndProject
Project("{2150E333-8FDC-42A3-9474-1A3956D46DE8}") = "Mechanite Persona Traits", "Mechanite Persona Traits", "{6246FBF0-688E-4A1E-A0CC-6255FF04DB37}"
EndProject
Project("{2150E333-8FDC-42A3-9474-1A3956D46DE8}") = "About", "About", "{0FDBA3A9-051F-4C3F-89DA-1490B2C95C90}"
	ProjectSection(SolutionItems) = preProject
		..\..\About\about.xml = ..\..\About\about.xml
		..\..\About\manifest.xml = ..\..\About\manifest.xml
		..\..\About\preview.png = ..\..\About\preview.png
		..\..\About\PublishedFileId.txt = ..\..\About\PublishedFileId.txt
	EndProjectSection
EndProject
Project("{2150E333-8FDC-42A3-9474-1A3956D46DE8}") = "1.4", "1.4", "{F8D5A73E-3585-483C-8D50-4A421AF0E34F}"
EndProject
Project("{2150E333-8FDC-42A3-9474-1A3956D46DE8}") = "Assemblies", "Assemblies", "{B9934D78-4472-45EC-A816-8EC5D8859040}"
	ProjectSection(SolutionItems) = preProject
		..\..\1.4\Assemblies\MPT_MechaniteHelper.dll = ..\..\1.4\Assemblies\MPT_MechaniteHelper.dll
	EndProjectSection
EndProject
Project("{2150E333-8FDC-42A3-9474-1A3956D46DE8}") = "Defs", "Defs", "{32D7A6E8-90F3-4C3C-96D3-430E222A9B59}"
EndProject
Project("{2150E333-8FDC-42A3-9474-1A3956D46DE8}") = "Patches", "Patches", "{8D7A32F3-D0B3-4D44-8E85-F40268437110}"
	ProjectSection(SolutionItems) = preProject
		..\..\1.4\Patches\MechanitePersonaPatch.XML = ..\..\1.4\Patches\MechanitePersonaPatch.XML
	EndProjectSection
EndProject
Project("{2150E333-8FDC-42A3-9474-1A3956D46DE8}") = "DamageDefs", "DamageDefs", "{7F74CE92-FCC9-4241-8CEC-FA569FA47464}"
	ProjectSection(SolutionItems) = preProject
		..\..\1.4\Defs\DamageDefs\DamageDef.xml = ..\..\1.4\Defs\DamageDefs\DamageDef.xml
	EndProjectSection
EndProject
Project("{2150E333-8FDC-42A3-9474-1A3956D46DE8}") = "HediffDefs", "HediffDefs", "{AFA0CE07-4969-42C8-B774-86274D4FF2FD}"
	ProjectSection(SolutionItems) = preProject
		..\..\1.4\Defs\HediffDefs\Hediff_MechaniteInfestation.xml = ..\..\1.4\Defs\HediffDefs\Hediff_MechaniteInfestation.xml
		..\..\1.4\Defs\HediffDefs\Hediff_MechanitePlagueHelpers.xml = ..\..\1.4\Defs\HediffDefs\Hediff_MechanitePlagueHelpers.xml
	EndProjectSection
EndProject
Project("{2150E333-8FDC-42A3-9474-1A3956D46DE8}") = "NeedDefs", "NeedDefs", "{328CAEB0-5706-4B15-BB08-1DE0E9F1A3B5}"
	ProjectSection(SolutionItems) = preProject
		..\..\1.4\Defs\NeedDefs\MechaniteNeeds.xml = ..\..\1.4\Defs\NeedDefs\MechaniteNeeds.xml
	EndProjectSection
EndProject
Project("{2150E333-8FDC-42A3-9474-1A3956D46DE8}") = "ThoughtDefs", "ThoughtDefs", "{4E9DF21E-8C0E-446C-913B-92CA8B9D8C66}"
	ProjectSection(SolutionItems) = preProject
		..\..\1.4\Defs\ThoughtDefs\Thoughts_Plaguelust.xml = ..\..\1.4\Defs\ThoughtDefs\Thoughts_Plaguelust.xml
	EndProjectSection
EndProject
Project("{2150E333-8FDC-42A3-9474-1A3956D46DE8}") = "WeaponTraitDefs", "WeaponTraitDefs", "{CB575E1C-7F07-432E-BB4E-C76FB42C0846}"
	ProjectSection(SolutionItems) = preProject
		..\..\1.4\Defs\WeaponTraitDefs\MechaniteWeaponTraitDefs.xml = ..\..\1.4\Defs\WeaponTraitDefs\MechaniteWeaponTraitDefs.xml
	EndProjectSection
EndProject
Global
	GlobalSection(SolutionConfigurationPlatforms) = preSolution
		Debug|Any CPU = Debug|Any CPU
		Release|Any CPU = Release|Any CPU
	EndGlobalSection
	GlobalSection(ProjectConfigurationPlatforms) = postSolution
		{46107F89-1A93-4085-A482-F99BB968EED0}.Debug|Any CPU.ActiveCfg = Debug|Any CPU
		{46107F89-1A93-4085-A482-F99BB968EED0}.Debug|Any CPU.Build.0 = Debug|Any CPU
		{46107F89-1A93-4085-A482-F99BB968EED0}.Release|Any CPU.ActiveCfg = Release|Any CPU
		{46107F89-1A93-4085-A482-F99BB968EED0}.Release|Any CPU.Build.0 = Release|Any CPU
	EndGlobalSection
	GlobalSection(SolutionProperties) = preSolution
		HideSolutionNode = FALSE
	EndGlobalSection
	GlobalSection(NestedProjects) = preSolution
		{46107F89-1A93-4085-A482-F99BB968EED0} = {6246FBF0-688E-4A1E-A0CC-6255FF04DB37}
		{6246FBF0-688E-4A1E-A0CC-6255FF04DB37} = {5EDC8FF6-10A5-41F6-9E1D-262C2E99C638}
		{B9934D78-4472-45EC-A816-8EC5D8859040} = {F8D5A73E-3585-483C-8D50-4A421AF0E34F}
		{32D7A6E8-90F3-4C3C-96D3-430E222A9B59} = {F8D5A73E-3585-483C-8D50-4A421AF0E34F}
		{8D7A32F3-D0B3-4D44-8E85-F40268437110} = {F8D5A73E-3585-483C-8D50-4A421AF0E34F}
		{7F74CE92-FCC9-4241-8CEC-FA569FA47464} = {32D7A6E8-90F3-4C3C-96D3-430E222A9B59}
		{AFA0CE07-4969-42C8-B774-86274D4FF2FD} = {32D7A6E8-90F3-4C3C-96D3-430E222A9B59}
		{328CAEB0-5706-4B15-BB08-1DE0E9F1A3B5} = {32D7A6E8-90F3-4C3C-96D3-430E222A9B59}
		{4E9DF21E-8C0E-446C-913B-92CA8B9D8C66} = {32D7A6E8-90F3-4C3C-96D3-430E222A9B59}
		{CB575E1C-7F07-432E-BB4E-C76FB42C0846} = {32D7A6E8-90F3-4C3C-96D3-430E222A9B59}
	EndGlobalSection
	GlobalSection(ExtensibilityGlobals) = postSolution
		SolutionGuid = {7ABB0903-25CF-4392-B02A-412441309701}
	EndGlobalSection
EndGlobal
